
Microsoft Visual Studio Solution File, Format Version 12.00
# Visual Studio Version 17
VisualStudioVersion = 17.11.35208.52
MinimumVisualStudioVersion = 10.0.40219.1
Project("{FAE04EC0-301F-11D3-BF4B-00C04F79EFBC}") = "CheckpointConsole", "CheckpointConsole\CheckpointConsole.csproj", "{B3BC5BB5-1F2D-4013-9F34-58C28E7F345F}"
EndProject
Global
	GlobalSection(SolutionConfigurationPlatforms) = preSolution
		Debug|Any CPU = Debug|Any CPU
		Release|Any CPU = Release|Any CPU
	EndGlobalSection
	GlobalSection(ProjectConfigurationPlatforms) = postSolution
		{B3BC5BB5-1F2D-4013-9F34-58C28E7F345F}.Debug|Any CPU.ActiveCfg = Debug|Any CPU
		{B3BC5BB5-1F2D-4013-9F34-58C28E7F345F}.Debug|Any CPU.Build.0 = Debug|Any CPU
		{B3BC5BB5-1F2D-4013-9F34-58C28E7F345F}.Release|Any CPU.ActiveCfg = Release|Any CPU
		{B3BC5BB5-1F2D-4013-9F34-58C28E7F345F}.Release|Any CPU.Build.0 = Release|Any CPU
	EndGlobalSection
	GlobalSection(SolutionProperties) = preSolution
		HideSolutionNode = FALSE
	EndGlobalSection
	GlobalSection(ExtensibilityGlobals) = postSolution
		SolutionGuid = {59189F9A-8FB3-4ADD-A826-4F1360E55BE3}
	EndGlobalSection
EndGlobal
